// !$*UTF8*$!
{
	archiveVersion = 1;
	classes = {
	};
	objectVersion = 55;
	objects = {

/* Begin PBXBuildFile section */
		BD1C217F27E275A700FAD27B /* ATCodeField.swift in Sources */ = {isa = PBXBuildFile; fileRef = BD1C217E27E275A700FAD27B /* ATCodeField.swift */; };
		BD46502A27E4C954007B04F4 /* DetailViewController.swift in Sources */ = {isa = PBXBuildFile; fileRef = BD46502927E4C954007B04F4 /* DetailViewController.swift */; };
		BD46502E27E53206007B04F4 /* FDAData.swift in Sources */ = {isa = PBXBuildFile; fileRef = BD46502D27E53206007B04F4 /* FDAData.swift */; };
		BD516CF727E1F5D9007102EE /* AppDelegate.swift in Sources */ = {isa = PBXBuildFile; fileRef = BD516CF627E1F5D9007102EE /* AppDelegate.swift */; };
		BD516CF927E1F5D9007102EE /* SceneDelegate.swift in Sources */ = {isa = PBXBuildFile; fileRef = BD516CF827E1F5D9007102EE /* SceneDelegate.swift */; };
		BD516CFB27E1F5D9007102EE /* ViewController.swift in Sources */ = {isa = PBXBuildFile; fileRef = BD516CFA27E1F5D9007102EE /* ViewController.swift */; };
		BD516CFE27E1F5D9007102EE /* Main.storyboard in Resources */ = {isa = PBXBuildFile; fileRef = BD516CFC27E1F5D9007102EE /* Main.storyboard */; };
		BD516D0027E1F5D9007102EE /* Assets.xcassets in Resources */ = {isa = PBXBuildFile; fileRef = BD516CFF27E1F5D9007102EE /* Assets.xcassets */; };
		BD516D0327E1F5D9007102EE /* LaunchScreen.storyboard in Resources */ = {isa = PBXBuildFile; fileRef = BD516D0127E1F5D9007102EE /* LaunchScreen.storyboard */; };
		BD516D0D27E25431007102EE /* ATKeyCell.swift in Sources */ = {isa = PBXBuildFile; fileRef = BD516D0C27E25431007102EE /* ATKeyCell.swift */; };
		BD7E335D27E625CE00F882C0 /* FDAManager.swift in Sources */ = {isa = PBXBuildFile; fileRef = BD7E335C27E625CE00F882C0 /* FDAManager.swift */; };
/* End PBXBuildFile section */

/* Begin PBXFileReference section */
		BD1C217E27E275A700FAD27B /* ATCodeField.swift */ = {isa = PBXFileReference; lastKnownFileType = sourcecode.swift; path = ATCodeField.swift; sourceTree = "<group>"; };
		BD46502927E4C954007B04F4 /* DetailViewController.swift */ = {isa = PBXFileReference; lastKnownFileType = sourcecode.swift; path = DetailViewController.swift; sourceTree = "<group>"; };
		BD46502D27E53206007B04F4 /* FDAData.swift */ = {isa = PBXFileReference; lastKnownFileType = sourcecode.swift; path = FDAData.swift; sourceTree = "<group>"; };
		BD516CF327E1F5D9007102EE /* CodeCheck.app */ = {isa = PBXFileReference; explicitFileType = wrapper.application; includeInIndex = 0; path = CodeCheck.app; sourceTree = BUILT_PRODUCTS_DIR; };
		BD516CF627E1F5D9007102EE /* AppDelegate.swift */ = {isa = PBXFileReference; lastKnownFileType = sourcecode.swift; path = AppDelegate.swift; sourceTree = "<group>"; };
		BD516CF827E1F5D9007102EE /* SceneDelegate.swift */ = {isa = PBXFileReference; lastKnownFileType = sourcecode.swift; path = SceneDelegate.swift; sourceTree = "<group>"; };
		BD516CFA27E1F5D9007102EE /* ViewController.swift */ = {isa = PBXFileReference; lastKnownFileType = sourcecode.swift; path = ViewController.swift; sourceTree = "<group>"; };
		BD516CFD27E1F5D9007102EE /* Base */ = {isa = PBXFileReference; lastKnownFileType = file.storyboard; name = Base; path = Base.lproj/Main.storyboard; sourceTree = "<group>"; };
		BD516CFF27E1F5D9007102EE /* Assets.xcassets */ = {isa = PBXFileReference; lastKnownFileType = folder.assetcatalog; path = Assets.xcassets; sourceTree = "<group>"; };
		BD516D0227E1F5D9007102EE /* Base */ = {isa = PBXFileReference; lastKnownFileType = file.storyboard; name = Base; path = Base.lproj/LaunchScreen.storyboard; sourceTree = "<group>"; };
		BD516D0427E1F5D9007102EE /* Info.plist */ = {isa = PBXFileReference; lastKnownFileType = text.plist.xml; path = Info.plist; sourceTree = "<group>"; };
		BD516D0C27E25431007102EE /* ATKeyCell.swift */ = {isa = PBXFileReference; lastKnownFileType = sourcecode.swift; path = ATKeyCell.swift; sourceTree = "<group>"; };
		BD7E335C27E625CE00F882C0 /* FDAManager.swift */ = {isa = PBXFileReference; lastKnownFileType = sourcecode.swift; path = FDAManager.swift; sourceTree = "<group>"; };
/* End PBXFileReference section */

/* Begin PBXFrameworksBuildPhase section */
		BD516CF027E1F5D9007102EE /* Frameworks */ = {
			isa = PBXFrameworksBuildPhase;
			buildActionMask = 2147483647;
			files = (
			);
			runOnlyForDeploymentPostprocessing = 0;
		};
/* End PBXFrameworksBuildPhase section */

/* Begin PBXGroup section */
		BD516CEA27E1F5D9007102EE = {
			isa = PBXGroup;
			children = (
				BD516CF527E1F5D9007102EE /* CodeCheck */,
				BD516CF427E1F5D9007102EE /* Products */,
			);
			sourceTree = "<group>";
		};
		BD516CF427E1F5D9007102EE /* Products */ = {
			isa = PBXGroup;
			children = (
				BD516CF327E1F5D9007102EE /* CodeCheck.app */,
			);
			name = Products;
			sourceTree = "<group>";
		};
		BD516CF527E1F5D9007102EE /* CodeCheck */ = {
			isa = PBXGroup;
			children = (
				BD516CF627E1F5D9007102EE /* AppDelegate.swift */,
				BD516CF827E1F5D9007102EE /* SceneDelegate.swift */,
				BD88141B27E677260041F2A2 /* Model */,
				BD88141A27E673A70041F2A2 /* View */,
				BD88141927E673820041F2A2 /* Controller */,
				BD88141C27E678050041F2A2 /* Custom Views */,
				BD516CFF27E1F5D9007102EE /* Assets.xcassets */,
				BD516D0427E1F5D9007102EE /* Info.plist */,
			);
			path = CodeCheck;
			sourceTree = "<group>";
		};
		BD88141927E673820041F2A2 /* Controller */ = {
			isa = PBXGroup;
			children = (
				BD516CFA27E1F5D9007102EE /* ViewController.swift */,
				BD46502927E4C954007B04F4 /* DetailViewController.swift */,
			);
			path = Controller;
			sourceTree = "<group>";
		};
		BD88141A27E673A70041F2A2 /* View */ = {
			isa = PBXGroup;
			children = (
				BD516CFC27E1F5D9007102EE /* Main.storyboard */,
				BD516D0127E1F5D9007102EE /* LaunchScreen.storyboard */,
			);
			path = View;
			sourceTree = "<group>";
		};
		BD88141B27E677260041F2A2 /* Model */ = {
			isa = PBXGroup;
			children = (
				BD46502D27E53206007B04F4 /* FDAData.swift */,
				BD7E335C27E625CE00F882C0 /* FDAManager.swift */,
			);
			path = Model;
			sourceTree = "<group>";
		};
		BD88141C27E678050041F2A2 /* Custom Views */ = {
			isa = PBXGroup;
			children = (
				BD516D0C27E25431007102EE /* ATKeyCell.swift */,
				BD1C217E27E275A700FAD27B /* ATCodeField.swift */,
			);
			path = "Custom Views";
			sourceTree = "<group>";
		};
/* End PBXGroup section */

/* Begin PBXNativeTarget section */
		BD516CF227E1F5D9007102EE /* CodeCheck */ = {
			isa = PBXNativeTarget;
			buildConfigurationList = BD516D0727E1F5D9007102EE /* Build configuration list for PBXNativeTarget "CodeCheck" */;
			buildPhases = (
				BD516CEF27E1F5D9007102EE /* Sources */,
				BD516CF027E1F5D9007102EE /* Frameworks */,
				BD516CF127E1F5D9007102EE /* Resources */,
			);
			buildRules = (
			);
			dependencies = (
			);
			name = CodeCheck;
			productName = CodeCheck;
			productReference = BD516CF327E1F5D9007102EE /* CodeCheck.app */;
			productType = "com.apple.product-type.application";
		};
/* End PBXNativeTarget section */

/* Begin PBXProject section */
		BD516CEB27E1F5D9007102EE /* Project object */ = {
			isa = PBXProject;
			attributes = {
				BuildIndependentTargetsInParallel = 1;
				LastSwiftUpdateCheck = 1320;
				LastUpgradeCheck = 1320;
				TargetAttributes = {
					BD516CF227E1F5D9007102EE = {
						CreatedOnToolsVersion = 13.2.1;
					};
				};
			};
			buildConfigurationList = BD516CEE27E1F5D9007102EE /* Build configuration list for PBXProject "CodeCheck" */;
			compatibilityVersion = "Xcode 13.0";
			developmentRegion = en;
			hasScannedForEncodings = 0;
			knownRegions = (
				en,
				Base,
			);
			mainGroup = BD516CEA27E1F5D9007102EE;
			productRefGroup = BD516CF427E1F5D9007102EE /* Products */;
			projectDirPath = "";
			projectRoot = "";
			targets = (
				BD516CF227E1F5D9007102EE /* CodeCheck */,
			);
		};
/* End PBXProject section */

/* Begin PBXResourcesBuildPhase section */
		BD516CF127E1F5D9007102EE /* Resources */ = {
			isa = PBXResourcesBuildPhase;
			buildActionMask = 2147483647;
			files = (
				BD516D0327E1F5D9007102EE /* LaunchScreen.storyboard in Resources */,
				BD516D0027E1F5D9007102EE /* Assets.xcassets in Resources */,
				BD516CFE27E1F5D9007102EE /* Main.storyboard in Resources */,
			);
			runOnlyForDeploymentPostprocessing = 0;
		};
/* End PBXResourcesBuildPhase section */

/* Begin PBXSourcesBuildPhase section */
		BD516CEF27E1F5D9007102EE /* Sources */ = {
			isa = PBXSourcesBuildPhase;
			buildActionMask = 2147483647;
			files = (
				BD46502E27E53206007B04F4 /* FDAData.swift in Sources */,
				BD516D0D27E25431007102EE /* ATKeyCell.swift in Sources */,
				BD7E335D27E625CE00F882C0 /* FDAManager.swift in Sources */,
				BD1C217F27E275A700FAD27B /* ATCodeField.swift in Sources */,
				BD516CFB27E1F5D9007102EE /* ViewController.swift in Sources */,
				BD516CF727E1F5D9007102EE /* AppDelegate.swift in Sources */,
				BD516CF927E1F5D9007102EE /* SceneDelegate.swift in Sources */,
				BD46502A27E4C954007B04F4 /* DetailViewController.swift in Sources */,
			);
			runOnlyForDeploymentPostprocessing = 0;
		};
/* End PBXSourcesBuildPhase section */

/* Begin PBXVariantGroup section */
		BD516CFC27E1F5D9007102EE /* Main.storyboard */ = {
			isa = PBXVariantGroup;
			children = (
				BD516CFD27E1F5D9007102EE /* Base */,
			);
			name = Main.storyboard;
			sourceTree = "<group>";
		};
		BD516D0127E1F5D9007102EE /* LaunchScreen.storyboard */ = {
			isa = PBXVariantGroup;
			children = (
				BD516D0227E1F5D9007102EE /* Base */,
			);
			name = LaunchScreen.storyboard;
			sourceTree = "<group>";
		};
/* End PBXVariantGroup section */

/* Begin XCBuildConfiguration section */
		BD516D0527E1F5D9007102EE /* Debug */ = {
			isa = XCBuildConfiguration;
			buildSettings = {
				ALWAYS_SEARCH_USER_PATHS = NO;
				CLANG_ANALYZER_NONNULL = YES;
				CLANG_ANALYZER_NUMBER_OBJECT_CONVERSION = YES_AGGRESSIVE;
				CLANG_CXX_LANGUAGE_STANDARD = "gnu++17";
				CLANG_CXX_LIBRARY = "libc++";
				CLANG_ENABLE_MODULES = YES;
				CLANG_ENABLE_OBJC_ARC = YES;
				CLANG_ENABLE_OBJC_WEAK = YES;
				CLANG_WARN_BLOCK_CAPTURE_AUTORELEASING = YES;
				CLANG_WARN_BOOL_CONVERSION = YES;
				CLANG_WARN_COMMA = YES;
				CLANG_WARN_CONSTANT_CONVERSION = YES;
				CLANG_WARN_DEPRECATED_OBJC_IMPLEMENTATIONS = YES;
				CLANG_WARN_DIRECT_OBJC_ISA_USAGE = YES_ERROR;
				CLANG_WARN_DOCUMENTATION_COMMENTS = YES;
				CLANG_WARN_EMPTY_BODY = YES;
				CLANG_WARN_ENUM_CONVERSION = YES;
				CLANG_WARN_INFINITE_RECURSION = YES;
				CLANG_WARN_INT_CONVERSION = YES;
				CLANG_WARN_NON_LITERAL_NULL_CONVERSION = YES;
				CLANG_WARN_OBJC_IMPLICIT_RETAIN_SELF = YES;
				CLANG_WARN_OBJC_LITERAL_CONVERSION = YES;
				CLANG_WARN_OBJC_ROOT_CLASS = YES_ERROR;
				CLANG_WARN_QUOTED_INCLUDE_IN_FRAMEWORK_HEADER = YES;
				CLANG_WARN_RANGE_LOOP_ANALYSIS = YES;
				CLANG_WARN_STRICT_PROTOTYPES = YES;
				CLANG_WARN_SUSPICIOUS_MOVE = YES;
				CLANG_WARN_UNGUARDED_AVAILABILITY = YES_AGGRESSIVE;
				CLANG_WARN_UNREACHABLE_CODE = YES;
				CLANG_WARN__DUPLICATE_METHOD_MATCH = YES;
				COPY_PHASE_STRIP = NO;
				DEBUG_INFORMATION_FORMAT = dwarf;
				ENABLE_STRICT_OBJC_MSGSEND = YES;
				ENABLE_TESTABILITY = YES;
				GCC_C_LANGUAGE_STANDARD = gnu11;
				GCC_DYNAMIC_NO_PIC = NO;
				GCC_NO_COMMON_BLOCKS = YES;
				GCC_OPTIMIZATION_LEVEL = 0;
				GCC_PREPROCESSOR_DEFINITIONS = (
					"DEBUG=1",
					"$(inherited)",
				);
				GCC_WARN_64_TO_32_BIT_CONVERSION = YES;
				GCC_WARN_ABOUT_RETURN_TYPE = YES_ERROR;
				GCC_WARN_UNDECLARED_SELECTOR = YES;
				GCC_WARN_UNINITIALIZED_AUTOS = YES_AGGRESSIVE;
				GCC_WARN_UNUSED_FUNCTION = YES;
				GCC_WARN_UNUSED_VARIABLE = YES;
				IPHONEOS_DEPLOYMENT_TARGET = 15.2;
				MTL_ENABLE_DEBUG_INFO = INCLUDE_SOURCE;
				MTL_FAST_MATH = YES;
				ONLY_ACTIVE_ARCH = YES;
				SDKROOT = iphoneos;
				SWIFT_ACTIVE_COMPILATION_CONDITIONS = DEBUG;
				SWIFT_OPTIMIZATION_LEVEL = "-Onone";
			};
			name = Debug;
		};
		BD516D0627E1F5D9007102EE /* Release */ = {
			isa = XCBuildConfiguration;
			buildSettings = {
				ALWAYS_SEARCH_USER_PATHS = NO;
				CLANG_ANALYZER_NONNULL = YES;
				CLANG_ANALYZER_NUMBER_OBJECT_CONVERSION = YES_AGGRESSIVE;
				CLANG_CXX_LANGUAGE_STANDARD = "gnu++17";
				CLANG_CXX_LIBRARY = "libc++";
				CLANG_ENABLE_MODULES = YES;
				CLANG_ENABLE_OBJC_ARC = YES;
				CLANG_ENABLE_OBJC_WEAK = YES;
				CLANG_WARN_BLOCK_CAPTURE_AUTORELEASING = YES;
				CLANG_WARN_BOOL_CONVERSION = YES;
				CLANG_WARN_COMMA = YES;
				CLANG_WARN_CONSTANT_CONVERSION = YES;
				CLANG_WARN_DEPRECATED_OBJC_IMPLEMENTATIONS = YES;
				CLANG_WARN_DIRECT_OBJC_ISA_USAGE = YES_ERROR;
				CLANG_WARN_DOCUMENTATION_COMMENTS = YES;
				CLANG_WARN_EMPTY_BODY = YES;
				CLANG_WARN_ENUM_CONVERSION = YES;
				CLANG_WARN_INFINITE_RECURSION = YES;
				CLANG_WARN_INT_CONVERSION = YES;
				CLANG_WARN_NON_LITERAL_NULL_CONVERSION = YES;
				CLANG_WARN_OBJC_IMPLICIT_RETAIN_SELF = YES;
				CLANG_WARN_OBJC_LITERAL_CONVERSION = YES;
				CLANG_WARN_OBJC_ROOT_CLASS = YES_ERROR;
				CLANG_WARN_QUOTED_INCLUDE_IN_FRAMEWORK_HEADER = YES;
				CLANG_WARN_RANGE_LOOP_ANALYSIS = YES;
				CLANG_WARN_STRICT_PROTOTYPES = YES;
				CLANG_WARN_SUSPICIOUS_MOVE = YES;
				CLANG_WARN_UNGUARDED_AVAILABILITY = YES_AGGRESSIVE;
				CLANG_WARN_UNREACHABLE_CODE = YES;
				CLANG_WARN__DUPLICATE_METHOD_MATCH = YES;
				COPY_PHASE_STRIP = NO;
				DEBUG_INFORMATION_FORMAT = "dwarf-with-dsym";
				ENABLE_NS_ASSERTIONS = NO;
				ENABLE_STRICT_OBJC_MSGSEND = YES;
				GCC_C_LANGUAGE_STANDARD = gnu11;
				GCC_NO_COMMON_BLOCKS = YES;
				GCC_WARN_64_TO_32_BIT_CONVERSION = YES;
				GCC_WARN_ABOUT_RETURN_TYPE = YES_ERROR;
				GCC_WARN_UNDECLARED_SELECTOR = YES;
				GCC_WARN_UNINITIALIZED_AUTOS = YES_AGGRESSIVE;
				GCC_WARN_UNUSED_FUNCTION = YES;
				GCC_WARN_UNUSED_VARIABLE = YES;
				IPHONEOS_DEPLOYMENT_TARGET = 15.2;
				MTL_ENABLE_DEBUG_INFO = NO;
				MTL_FAST_MATH = YES;
				SDKROOT = iphoneos;
				SWIFT_COMPILATION_MODE = wholemodule;
				SWIFT_OPTIMIZATION_LEVEL = "-O";
				VALIDATE_PRODUCT = YES;
			};
			name = Release;
		};
		BD516D0827E1F5D9007102EE /* Debug */ = {
			isa = XCBuildConfiguration;
			buildSettings = {
				ASSETCATALOG_COMPILER_APPICON_NAME = AppIcon;
				ASSETCATALOG_COMPILER_GLOBAL_ACCENT_COLOR_NAME = AccentColor;
				CODE_SIGN_STYLE = Automatic;
				CURRENT_PROJECT_VERSION = 1;
				DEVELOPMENT_TEAM = 68RDQ2QDMY;
				GENERATE_INFOPLIST_FILE = YES;
				INFOPLIST_FILE = CodeCheck/Info.plist;
				INFOPLIST_KEY_UIApplicationSupportsIndirectInputEvents = YES;
				INFOPLIST_KEY_UILaunchStoryboardName = LaunchScreen;
				INFOPLIST_KEY_UIMainStoryboardFile = Main;
				INFOPLIST_KEY_UISupportedInterfaceOrientations_iPad = "UIInterfaceOrientationPortrait UIInterfaceOrientationPortraitUpsideDown UIInterfaceOrientationLandscapeLeft UIInterfaceOrientationLandscapeRight";
				INFOPLIST_KEY_UISupportedInterfaceOrientations_iPhone = "UIInterfaceOrientationPortrait UIInterfaceOrientationLandscapeLeft UIInterfaceOrientationLandscapeRight";
				LD_RUNPATH_SEARCH_PATHS = (
					"$(inherited)",
					"@executable_path/Frameworks",
				);
				MARKETING_VERSION = 1.0;
				PRODUCT_BUNDLE_IDENTIFIER = com.ronika.CodeCheck;
				PRODUCT_NAME = "$(TARGET_NAME)";
				SWIFT_EMIT_LOC_STRINGS = YES;
				SWIFT_VERSION = 5.0;
				TARGETED_DEVICE_FAMILY = 1;
			};
			name = Debug;
		};
		BD516D0927E1F5D9007102EE /* Release */ = {
			isa = XCBuildConfiguration;
			buildSettings = {
				ASSETCATALOG_COMPILER_APPICON_NAME = AppIcon;
				ASSETCATALOG_COMPILER_GLOBAL_ACCENT_COLOR_NAME = AccentColor;
				CODE_SIGN_STYLE = Automatic;
				CURRENT_PROJECT_VERSION = 1;
				DEVELOPMENT_TEAM = 68RDQ2QDMY;
				GENERATE_INFOPLIST_FILE = YES;
				INFOPLIST_FILE = CodeCheck/Info.plist;
				INFOPLIST_KEY_UIApplicationSupportsIndirectInputEvents = YES;
				INFOPLIST_KEY_UILaunchStoryboardName = LaunchScreen;
				INFOPLIST_KEY_UIMainStoryboardFile = Main;
				INFOPLIST_KEY_UISupportedInterfaceOrientations_iPad = "UIInterfaceOrientationPortrait UIInterfaceOrientationPortraitUpsideDown UIInterfaceOrientationLandscapeLeft UIInterfaceOrientationLandscapeRight";
				INFOPLIST_KEY_UISupportedInterfaceOrientations_iPhone = "UIInterfaceOrientationPortrait UIInterfaceOrientationLandscapeLeft UIInterfaceOrientationLandscapeRight";
				LD_RUNPATH_SEARCH_PATHS = (
					"$(inherited)",
					"@executable_path/Frameworks",
				);
				MARKETING_VERSION = 1.0;
				PRODUCT_BUNDLE_IDENTIFIER = com.ronika.CodeCheck;
				PRODUCT_NAME = "$(TARGET_NAME)";
				SWIFT_EMIT_LOC_STRINGS = YES;
				SWIFT_VERSION = 5.0;
				TARGETED_DEVICE_FAMILY = 1;
			};
			name = Release;
		};
/* End XCBuildConfiguration section */

/* Begin XCConfigurationList section */
		BD516CEE27E1F5D9007102EE /* Build configuration list for PBXProject "CodeCheck" */ = {
			isa = XCConfigurationList;
			buildConfigurations = (
				BD516D0527E1F5D9007102EE /* Debug */,
				BD516D0627E1F5D9007102EE /* Release */,
			);
			defaultConfigurationIsVisible = 0;
			defaultConfigurationName = Release;
		};
		BD516D0727E1F5D9007102EE /* Build configuration list for PBXNativeTarget "CodeCheck" */ = {
			isa = XCConfigurationList;
			buildConfigurations = (
				BD516D0827E1F5D9007102EE /* Debug */,
				BD516D0927E1F5D9007102EE /* Release */,
			);
			defaultConfigurationIsVisible = 0;
			defaultConfigurationName = Release;
		};
/* End XCConfigurationList section */
	};
	rootObject = BD516CEB27E1F5D9007102EE /* Project object */;
}
